
Microsoft Visual Studio Solution File, Format Version 12.00
# Visual Studio Version 17
VisualStudioVersion = 17.11.35303.130
MinimumVisualStudioVersion = 10.0.40219.1
Project("{FAE04EC0-301F-11D3-BF4B-00C04F79EFBC}") = "WpfApp1", "WpfApp1\WpfApp1.csproj", "{FFC3E4C3-6871-4232-81FD-D6D2B452E3CD}"
EndProject
Global
	GlobalSection(SolutionConfigurationPlatforms) = preSolution
		Debug|Any CPU = Debug|Any CPU
		Release|Any CPU = Release|Any CPU
	EndGlobalSection
	GlobalSection(ProjectConfigurationPlatforms) = postSolution
		{FFC3E4C3-6871-4232-81FD-D6D2B452E3CD}.Debug|Any CPU.ActiveCfg = Debug|Any CPU
		{FFC3E4C3-6871-4232-81FD-D6D2B452E3CD}.Debug|Any CPU.Build.0 = Debug|Any CPU
		{FFC3E4C3-6871-4232-81FD-D6D2B452E3CD}.Release|Any CPU.ActiveCfg = Release|Any CPU
		{FFC3E4C3-6871-4232-81FD-D6D2B452E3CD}.Release|Any CPU.Build.0 = Release|Any CPU
	EndGlobalSection
	GlobalSection(SolutionProperties) = preSolution
		HideSolutionNode = FALSE
	EndGlobalSection
	GlobalSection(ExtensibilityGlobals) = postSolution
		SolutionGuid = {67EF951C-91CD-4AA1-A708-830FA9783C45}
	EndGlobalSection
EndGlobal
